
Microsoft Visual Studio Solution File, Format Version 12.00
# Visual Studio Version 17
VisualStudioVersion = 17.11.35312.102
MinimumVisualStudioVersion = 10.0.40219.1
Project("{FAE04EC0-301F-11D3-BF4B-00C04F79EFBC}") = "AdminHub", "AdminHub.csproj", "{0A835E21-97A2-4B82-A7AF-FB33854B35EC}"
EndProject
Global
	GlobalSection(SolutionConfigurationPlatforms) = preSolution
		Debug|Any CPU = Debug|Any CPU
		Release|Any CPU = Release|Any CPU
	EndGlobalSection
	GlobalSection(ProjectConfigurationPlatforms) = postSolution
		{0A835E21-97A2-4B82-A7AF-FB33854B35EC}.Debug|Any CPU.ActiveCfg = Debug|Any CPU
		{0A835E21-97A2-4B82-A7AF-FB33854B35EC}.Debug|Any CPU.Build.0 = Debug|Any CPU
		{0A835E21-97A2-4B82-A7AF-FB33854B35EC}.Release|Any CPU.ActiveCfg = Release|Any CPU
		{0A835E21-97A2-4B82-A7AF-FB33854B35EC}.Release|Any CPU.Build.0 = Release|Any CPU
	EndGlobalSection
	GlobalSection(SolutionProperties) = preSolution
		HideSolutionNode = FALSE
	EndGlobalSection
	GlobalSection(ExtensibilityGlobals) = postSolution
		SolutionGuid = {4562137D-6364-44E9-A7F9-CE7B13FF44F2}
	EndGlobalSection
EndGlobal
